github.com/elastic/go-seccomp-bpf v1.6.0 h1:NYduiYxRJ0ZkIyQVwlSskcqPPSg6ynu5pK0/d7SQATs=
github.com/elastic/go-seccomp-bpf v1.6.0/go.mod h1:5tFsTvH4NtWGfpjsOQD53H8HdVQ+zSZFRUDSGevC0Kc=
golang.org/x/sys v0.48.0 h1:bbX/i/6MgT9BVLM9RT1thmxL04yeTAhbEz4SyadbXoo=
golang.org/x/sys v0.48.0/go.mod h1:hNLxWAXmnKAxqDtdwIYC4bM9oQPEecfsnNMuSxOs3og=
